
Microsoft Visual Studio Solution File, Format Version 12.00
# Visual Studio 15
VisualStudioVersion = 15.0.28010.2019
MinimumVisualStudioVersion = 10.0.40219.1
Project("{FAE04EC0-301F-11D3-BF4B-00C04F79EFBC}") = "Pizza_Bot", "Sushi_Bot\Pizza_Bot.csproj", "{C19F8DF5-8044-480A-B6E2-C2FF880D3DFD}"
EndProject
Project("{FAE04EC0-301F-11D3-BF4B-00C04F79EFBC}") = "ForTesting", "ForTesting\ForTesting.csproj", "{9E9352D5-56AD-4079-A29C-A022974594A4}"
EndProject
Global
	GlobalSection(SolutionConfigurationPlatforms) = preSolution
		Debug|Any CPU = Debug|Any CPU
		Release|Any CPU = Release|Any CPU
	EndGlobalSection
	GlobalSection(ProjectConfigurationPlatforms) = postSolution
		{C19F8DF5-8044-480A-B6E2-C2FF880D3DFD}.Debug|Any CPU.ActiveCfg = Debug|Any CPU
		{C19F8DF5-8044-480A-B6E2-C2FF880D3DFD}.Debug|Any CPU.Build.0 = Debug|Any CPU
		{C19F8DF5-8044-480A-B6E2-C2FF880D3DFD}.Release|Any CPU.ActiveCfg = Release|Any CPU
		{C19F8DF5-8044-480A-B6E2-C2FF880D3DFD}.Release|Any CPU.Build.0 = Release|Any CPU
		{9E9352D5-56AD-4079-A29C-A022974594A4}.Debug|Any CPU.ActiveCfg = Debug|Any CPU
		{9E9352D5-56AD-4079-A29C-A022974594A4}.Debug|Any CPU.Build.0 = Debug|Any CPU
		{9E9352D5-56AD-4079-A29C-A022974594A4}.Release|Any CPU.ActiveCfg = Release|Any CPU
		{9E9352D5-56AD-4079-A29C-A022974594A4}.Release|Any CPU.Build.0 = Release|Any CPU
	EndGlobalSection
	GlobalSection(SolutionProperties) = preSolution
		HideSolutionNode = FALSE
	EndGlobalSection
	GlobalSection(ExtensibilityGlobals) = postSolution
		SolutionGuid = {400E1265-B896-4D50-B432-B5F62A72ECD9}
	EndGlobalSection
EndGlobal
